
Microsoft Visual Studio Solution File, Format Version 12.00
# Visual Studio Version 16
VisualStudioVersion = 16.0.30204.135
MinimumVisualStudioVersion = 10.0.40219.1
Project("{FAE04EC0-301F-11D3-BF4B-00C04F79EFBC}") = "AnimatedDecouplers", "AnimatedDecouplers.csproj", "{E52B19CA-6950-4AAB-8D96-27E4764BEDB1}"
EndProject
Project("{2150E333-8FDC-42A3-9474-1A3956D46DE8}") = "Solution Items", "Solution Items", "{FAD04889-FEB0-4335-90F9-AB184C77143B}"
	ProjectSection(SolutionItems) = preProject
		.editorconfig = .editorconfig
		.gitignore = .gitignore
		License.md = License.md
		README.md = README.md
	EndProjectSection
EndProject
Global
	GlobalSection(SolutionConfigurationPlatforms) = preSolution
		Debug|Any CPU = Debug|Any CPU
		Release|Any CPU = Release|Any CPU
	EndGlobalSection
	GlobalSection(ProjectConfigurationPlatforms) = postSolution
		{E52B19CA-6950-4AAB-8D96-27E4764BEDB1}.Debug|Any CPU.ActiveCfg = Debug|Any CPU
		{E52B19CA-6950-4AAB-8D96-27E4764BEDB1}.Debug|Any CPU.Build.0 = Debug|Any CPU
		{E52B19CA-6950-4AAB-8D96-27E4764BEDB1}.Release|Any CPU.ActiveCfg = Release|Any CPU
		{E52B19CA-6950-4AAB-8D96-27E4764BEDB1}.Release|Any CPU.Build.0 = Release|Any CPU
	EndGlobalSection
	GlobalSection(SolutionProperties) = preSolution
		HideSolutionNode = FALSE
	EndGlobalSection
	GlobalSection(ExtensibilityGlobals) = postSolution
		SolutionGuid = {1EA5A26E-8F6F-46B1-8E43-91F94F2CC16D}
	EndGlobalSection
EndGlobal
